// !$*UTF8*$!
{
	archiveVersion = 1;
	classes = {
	};
	objectVersion = 46;
	objects = {

/* Begin PBXBuildFile section */
		6683CDEC1A62728D00FACE9A /* AppDelegate.swift in Sources */ = {isa = PBXBuildFile; fileRef = 6683CDEB1A62728D00FACE9A /* AppDelegate.swift */; };
		6683CDEE1A62728D00FACE9A /* ViewController.swift in Sources */ = {isa = PBXBuildFile; fileRef = 6683CDED1A62728D00FACE9A /* ViewController.swift */; };
		6683CDF11A62728D00FACE9A /* Main.storyboard in Resources */ = {isa = PBXBuildFile; fileRef = 6683CDEF1A62728D00FACE9A /* Main.storyboard */; };
		6683CDF31A62728D00FACE9A /* Images.xcassets in Resources */ = {isa = PBXBuildFile; fileRef = 6683CDF21A62728D00FACE9A /* Images.xcassets */; };
		6683CDF61A62728D00FACE9A /* LaunchScreen.xib in Resources */ = {isa = PBXBuildFile; fileRef = 6683CDF41A62728D00FACE9A /* LaunchScreen.xib */; };
		6683CE021A62728D00FACE9A /* Cat_YearsTests.swift in Sources */ = {isa = PBXBuildFile; fileRef = 6683CE011A62728D00FACE9A /* Cat_YearsTests.swift */; };
		6683CE0C1A62755B00FACE9A /* cat.jpg in Resources */ = {isa = PBXBuildFile; fileRef = 6683CE0B1A62755B00FACE9A /* cat.jpg */; };
/* End PBXBuildFile section */

/* Begin PBXContainerItemProxy section */
		6683CDFC1A62728D00FACE9A /* PBXContainerItemProxy */ = {
			isa = PBXContainerItemProxy;
			containerPortal = 6683CDDE1A62728D00FACE9A /* Project object */;
			proxyType = 1;
			remoteGlobalIDString = 6683CDE51A62728D00FACE9A;
			remoteInfo = "Cat Years";
		};
/* End PBXContainerItemProxy section */

/* Begin PBXFileReference section */
		6683CDE61A62728D00FACE9A /* Cat Years.app */ = {isa = PBXFileReference; explicitFileType = wrapper.application; includeInIndex = 0; path = "Cat Years.app"; sourceTree = BUILT_PRODUCTS_DIR; };
		6683CDEA1A62728D00FACE9A /* Info.plist */ = {isa = PBXFileReference; lastKnownFileType = text.plist.xml; path = Info.plist; sourceTree = "<group>"; };
		6683CDEB1A62728D00FACE9A /* AppDelegate.swift */ = {isa = PBXFileReference; lastKnownFileType = sourcecode.swift; path = AppDelegate.swift; sourceTree = "<group>"; };
		6683CDED1A62728D00FACE9A /* ViewController.swift */ = {isa = PBXFileReference; lastKnownFileType = sourcecode.swift; path = ViewController.swift; sourceTree = "<group>"; };
		6683CDF01A62728D00FACE9A /* Base */ = {isa = PBXFileReference; lastKnownFileType = file.storyboard; name = Base; path = Base.lproj/Main.storyboard; sourceTree = "<group>"; };
		6683CDF21A62728D00FACE9A /* Images.xcassets */ = {isa = PBXFileReference; lastKnownFileType = folder.assetcatalog; path = Images.xcassets; sourceTree = "<group>"; };
		6683CDF51A62728D00FACE9A /* Base */ = {isa = PBXFileReference; lastKnownFileType = file.xib; name = Base; path = Base.lproj/LaunchScreen.xib; sourceTree = "<group>"; };
		6683CDFB1A62728D00FACE9A /* Cat YearsTests.xctest */ = {isa = PBXFileReference; explicitFileType = wrapper.cfbundle; includeInIndex = 0; path = "Cat YearsTests.xctest"; sourceTree = BUILT_PRODUCTS_DIR; };
		6683CE001A62728D00FACE9A /* Info.plist */ = {isa = PBXFileReference; lastKnownFileType = text.plist.xml; path = Info.plist; sourceTree = "<group>"; };
		6683CE011A62728D00FACE9A /* Cat_YearsTests.swift */ = {isa = PBXFileReference; lastKnownFileType = sourcecode.swift; path = Cat_YearsTests.swift; sourceTree = "<group>"; };
		6683CE0B1A62755B00FACE9A /* cat.jpg */ = {isa = PBXFileReference; lastKnownFileType = image.jpeg; path = cat.jpg; sourceTree = "<group>"; };
/* End PBXFileReference section */

/* Begin PBXFrameworksBuildPhase section */
		6683CDE31A62728D00FACE9A /* Frameworks */ = {
			isa = PBXFrameworksBuildPhase;
			buildActionMask = 2147483647;
			files = (
			);
			runOnlyForDeploymentPostprocessing = 0;
		};
		6683CDF81A62728D00FACE9A /* Frameworks */ = {
			isa = PBXFrameworksBuildPhase;
			buildActionMask = 2147483647;
			files = (
			);
			runOnlyForDeploymentPostprocessing = 0;
		};
/* End PBXFrameworksBuildPhase section */

/* Begin PBXGroup section */
		6683CDDD1A62728D00FACE9A = {
			isa = PBXGroup;
			children = (
				6683CDE81A62728D00FACE9A /* Cat Years */,
				6683CDFE1A62728D00FACE9A /* Cat YearsTests */,
				6683CDE71A62728D00FACE9A /* Products */,
			);
			sourceTree = "<group>";
		};
		6683CDE71A62728D00FACE9A /* Products */ = {
			isa = PBXGroup;
			children = (
				6683CDE61A62728D00FACE9A /* Cat Years.app */,
				6683CDFB1A62728D00FACE9A /* Cat YearsTests.xctest */,
			);
			name = Products;
			sourceTree = "<group>";
		};
		6683CDE81A62728D00FACE9A /* Cat Years */ = {
			isa = PBXGroup;
			children = (
				6683CDEB1A62728D00FACE9A /* AppDelegate.swift */,
				6683CDED1A62728D00FACE9A /* ViewController.swift */,
				6683CDEF1A62728D00FACE9A /* Main.storyboard */,
				6683CDF21A62728D00FACE9A /* Images.xcassets */,
				6683CE0B1A62755B00FACE9A /* cat.jpg */,
				6683CDF41A62728D00FACE9A /* LaunchScreen.xib */,
				6683CDE91A62728D00FACE9A /* Supporting Files */,
			);
			path = "Cat Years";
			sourceTree = "<group>";
		};
		6683CDE91A62728D00FACE9A /* Supporting Files */ = {
			isa = PBXGroup;
			children = (
				6683CDEA1A62728D00FACE9A /* Info.plist */,
			);
			name = "Supporting Files";
			sourceTree = "<group>";
		};
		6683CDFE1A62728D00FACE9A /* Cat YearsTests */ = {
			isa = PBXGroup;
			children = (
				6683CE011A62728D00FACE9A /* Cat_YearsTests.swift */,
				6683CDFF1A62728D00FACE9A /* Supporting Files */,
			);
			path = "Cat YearsTests";
			sourceTree = "<group>";
		};
		6683CDFF1A62728D00FACE9A /* Supporting Files */ = {
			isa = PBXGroup;
			children = (
				6683CE001A62728D00FACE9A /* Info.plist */,
			);
			name = "Supporting Files";
			sourceTree = "<group>";
		};
/* End PBXGroup section */

/* Begin PBXNativeTarget section */
		6683CDE51A62728D00FACE9A /* Cat Years */ = {
			isa = PBXNativeTarget;
			buildConfigurationList = 6683CE051A62728D00FACE9A /* Build configuration list for PBXNativeTarget "Cat Years" */;
			buildPhases = (
				6683CDE21A62728D00FACE9A /* Sources */,
				6683CDE31A62728D00FACE9A /* Frameworks */,
				6683CDE41A62728D00FACE9A /* Resources */,
			);
			buildRules = (
			);
			dependencies = (
			);
			name = "Cat Years";
			productName = "Cat Years";
			productReference = 6683CDE61A62728D00FACE9A /* Cat Years.app */;
			productType = "com.apple.product-type.application";
		};
		6683CDFA1A62728D00FACE9A /* Cat YearsTests */ = {
			isa = PBXNativeTarget;
			buildConfigurationList = 6683CE081A62728D00FACE9A /* Build configuration list for PBXNativeTarget "Cat YearsTests" */;
			buildPhases = (
				6683CDF71A62728D00FACE9A /* Sources */,
				6683CDF81A62728D00FACE9A /* Frameworks */,
				6683CDF91A62728D00FACE9A /* Resources */,
			);
			buildRules = (
			);
			dependencies = (
				6683CDFD1A62728D00FACE9A /* PBXTargetDependency */,
			);
			name = "Cat YearsTests";
			productName = "Cat YearsTests";
			productReference = 6683CDFB1A62728D00FACE9A /* Cat YearsTests.xctest */;
			productType = "com.apple.product-type.bundle.unit-test";
		};
/* End PBXNativeTarget section */

/* Begin PBXProject section */
		6683CDDE1A62728D00FACE9A /* Project object */ = {
			isa = PBXProject;
			attributes = {
				LastUpgradeCheck = 0610;
				ORGANIZATIONNAME = msmith;
				TargetAttributes = {
					6683CDE51A62728D00FACE9A = {
						CreatedOnToolsVersion = 6.1.1;
					};
					6683CDFA1A62728D00FACE9A = {
						CreatedOnToolsVersion = 6.1.1;
						TestTargetID = 6683CDE51A62728D00FACE9A;
					};
				};
			};
			buildConfigurationList = 6683CDE11A62728D00FACE9A /* Build configuration list for PBXProject "Cat Years" */;
			compatibilityVersion = "Xcode 3.2";
			developmentRegion = English;
			hasScannedForEncodings = 0;
			knownRegions = (
				en,
				Base,
			);
			mainGroup = 6683CDDD1A62728D00FACE9A;
			productRefGroup = 6683CDE71A62728D00FACE9A /* Products */;
			projectDirPath = "";
			projectRoot = "";
			targets = (
				6683CDE51A62728D00FACE9A /* Cat Years */,
				6683CDFA1A62728D00FACE9A /* Cat YearsTests */,
			);
		};
/* End PBXProject section */

/* Begin PBXResourcesBuildPhase section */
		6683CDE41A62728D00FACE9A /* Resources */ = {
			isa = PBXResourcesBuildPhase;
			buildActionMask = 2147483647;
			files = (
				6683CDF11A62728D00FACE9A /* Main.storyboard in Resources */,
				6683CDF61A62728D00FACE9A /* LaunchScreen.xib in Resources */,
				6683CE0C1A62755B00FACE9A /* cat.jpg in Resources */,
				6683CDF31A62728D00FACE9A /* Images.xcassets in Resources */,
			);
			runOnlyForDeploymentPostprocessing = 0;
		};
		6683CDF91A62728D00FACE9A /* Resources */ = {
			isa = PBXResourcesBuildPhase;
			buildActionMask = 2147483647;
			files = (
			);
			runOnlyForDeploymentPostprocessing = 0;
		};
/* End PBXResourcesBuildPhase section */

/* Begin PBXSourcesBuildPhase section */
		6683CDE21A62728D00FACE9A /* Sources */ = {
			isa = PBXSourcesBuildPhase;
			buildActionMask = 2147483647;
			files = (
				6683CDEE1A62728D00FACE9A /* ViewController.swift in Sources */,
				6683CDEC1A62728D00FACE9A /* AppDelegate.swift in Sources */,
			);
			runOnlyForDeploymentPostprocessing = 0;
		};
		6683CDF71A62728D00FACE9A /* Sources */ = {
			isa = PBXSourcesBuildPhase;
			buildActionMask = 2147483647;
			files = (
				6683CE021A62728D00FACE9A /* Cat_YearsTests.swift in Sources */,
			);
			runOnlyForDeploymentPostprocessing = 0;
		};
/* End PBXSourcesBuildPhase section */

/* Begin PBXTargetDependency section */
		6683CDFD1A62728D00FACE9A /* PBXTargetDependency */ = {
			isa = PBXTargetDependency;
			target = 6683CDE51A62728D00FACE9A /* Cat Years */;
			targetProxy = 6683CDFC1A62728D00FACE9A /* PBXContainerItemProxy */;
		};
/* End PBXTargetDependency section */

/* Begin PBXVariantGroup section */
		6683CDEF1A62728D00FACE9A /* Main.storyboard */ = {
			isa = PBXVariantGroup;
			children = (
				6683CDF01A62728D00FACE9A /* Base */,
			);
			name = Main.storyboard;
			sourceTree = "<group>";
		};
		6683CDF41A62728D00FACE9A /* LaunchScreen.xib */ = {
			isa = PBXVariantGroup;
			children = (
				6683CDF51A62728D00FACE9A /* Base */,
			);
			name = LaunchScreen.xib;
			sourceTree = "<group>";
		};
/* End PBXVariantGroup section */

/* Begin XCBuildConfiguration section */
		6683CE031A62728D00FACE9A /* Debug */ = {
			isa = XCBuildConfiguration;
			buildSettings = {
				ALWAYS_SEARCH_USER_PATHS = NO;
				CLANG_CXX_LANGUAGE_STANDARD = "gnu++0x";
				CLANG_CXX_LIBRARY = "libc++";
				CLANG_ENABLE_MODULES = YES;
				CLANG_ENABLE_OBJC_ARC = YES;
				CLANG_WARN_BOOL_CONVERSION = YES;
				CLANG_WARN_CONSTANT_CONVERSION = YES;
				CLANG_WARN_DIRECT_OBJC_ISA_USAGE = YES_ERROR;
				CLANG_WARN_EMPTY_BODY = YES;
				CLANG_WARN_ENUM_CONVERSION = YES;
				CLANG_WARN_INT_CONVERSION = YES;
				CLANG_WARN_OBJC_ROOT_CLASS = YES_ERROR;
				CLANG_WARN_UNREACHABLE_CODE = YES;
				CLANG_WARN__DUPLICATE_METHOD_MATCH = YES;
				"CODE_SIGN_IDENTITY[sdk=iphoneos*]" = "iPhone Developer";
				COPY_PHASE_STRIP = NO;
				ENABLE_STRICT_OBJC_MSGSEND = YES;
				GCC_C_LANGUAGE_STANDARD = gnu99;
				GCC_DYNAMIC_NO_PIC = NO;
				GCC_OPTIMIZATION_LEVEL = 0;
				GCC_PREPROCESSOR_DEFINITIONS = (
					"DEBUG=1",
					"$(inherited)",
				);
				GCC_SYMBOLS_PRIVATE_EXTERN = NO;
				GCC_WARN_64_TO_32_BIT_CONVERSION = YES;
				GCC_WARN_ABOUT_RETURN_TYPE = YES_ERROR;
				GCC_WARN_UNDECLARED_SELECTOR = YES;
				GCC_WARN_UNINITIALIZED_AUTOS = YES_AGGRESSIVE;
				GCC_WARN_UNUSED_FUNCTION = YES;
				GCC_WARN_UNUSED_VARIABLE = YES;
				IPHONEOS_DEPLOYMENT_TARGET = 8.1;
				MTL_ENABLE_DEBUG_INFO = YES;
				ONLY_ACTIVE_ARCH = YES;
				SDKROOT = iphoneos;
				SWIFT_OPTIMIZATION_LEVEL = "-Onone";
			};
			name = Debug;
		};
		6683CE041A62728D00FACE9A /* Release */ = {
			isa = XCBuildConfiguration;
			buildSettings = {
				ALWAYS_SEARCH_USER_PATHS = NO;
				CLANG_CXX_LANGUAGE_STANDARD = "gnu++0x";
				CLANG_CXX_LIBRARY = "libc++";
				CLANG_ENABLE_MODULES = YES;
				CLANG_ENABLE_OBJC_ARC = YES;
				CLANG_WARN_BOOL_CONVERSION = YES;
				CLANG_WARN_CONSTANT_CONVERSION = YES;
				CLANG_WARN_DIRECT_OBJC_ISA_USAGE = YES_ERROR;
				CLANG_WARN_EMPTY_BODY = YES;
				CLANG_WARN_ENUM_CONVERSION = YES;
				CLANG_WARN_INT_CONVERSION = YES;
				CLANG_WARN_OBJC_ROOT_CLASS = YES_ERROR;
				CLANG_WARN_UNREACHABLE_CODE = YES;
				CLANG_WARN__DUPLICATE_METHOD_MATCH = YES;
				"CODE_SIGN_IDENTITY[sdk=iphoneos*]" = "iPhone Developer";
				COPY_PHASE_STRIP = YES;
				ENABLE_NS_ASSERTIONS = NO;
				ENABLE_STRICT_OBJC_MSGSEND = YES;
				GCC_C_LANGUAGE_STANDARD = gnu99;
				GCC_WARN_64_TO_32_BIT_CONVERSION = YES;
				GCC_WARN_ABOUT_RETURN_TYPE = YES_ERROR;
				GCC_WARN_UNDECLARED_SELECTOR = YES;
				GCC_WARN_UNINITIALIZED_AUTOS = YES_AGGRESSIVE;
				GCC_WARN_UNUSED_FUNCTION = YES;
				GCC_WARN_UNUSED_VARIABLE = YES;
				IPHONEOS_DEPLOYMENT_TARGET = 8.1;
				MTL_ENABLE_DEBUG_INFO = NO;
				SDKROOT = iphoneos;
				VALIDATE_PRODUCT = YES;
			};
			name = Release;
		};
		6683CE061A62728D00FACE9A /* Debug */ = {
			isa = XCBuildConfiguration;
			buildSettings = {
				ASSETCATALOG_COMPILER_APPICON_NAME = AppIcon;
				INFOPLIST_FILE = "Cat Years/Info.plist";
				LD_RUNPATH_SEARCH_PATHS = "$(inherited) @executable_path/Frameworks";
				PRODUCT_NAME = "$(TARGET_NAME)";
			};
			name = Debug;
		};
		6683CE071A62728D00FACE9A /* Release */ = {
			isa = XCBuildConfiguration;
			buildSettings = {
				ASSETCATALOG_COMPILER_APPICON_NAME = AppIcon;
				INFOPLIST_FILE = "Cat Years/Info.plist";
				LD_RUNPATH_SEARCH_PATHS = "$(inherited) @executable_path/Frameworks";
				PRODUCT_NAME = "$(TARGET_NAME)";
			};
			name = Release;
		};
		6683CE091A62728D00FACE9A /* Debug */ = {
			isa = XCBuildConfiguration;
			buildSettings = {
				BUNDLE_LOADER = "$(TEST_HOST)";
				FRAMEWORK_SEARCH_PATHS = (
					"$(SDKROOT)/Developer/Library/Frameworks",
					"$(inherited)",
				);
				GCC_PREPROCESSOR_DEFINITIONS = (
					"DEBUG=1",
					"$(inherited)",
				);
				INFOPLIST_FILE = "Cat YearsTests/Info.plist";
				LD_RUNPATH_SEARCH_PATHS = "$(inherited) @executable_path/Frameworks @loader_path/Frameworks";
				PRODUCT_NAME = "$(TARGET_NAME)";
				TEST_HOST = "$(BUILT_PRODUCTS_DIR)/Cat Years.app/Cat Years";
			};
			name = Debug;
		};
		6683CE0A1A62728D00FACE9A /* Release */ = {
			isa = XCBuildConfiguration;
			buildSettings = {
				BUNDLE_LOADER = "$(TEST_HOST)";
				FRAMEWORK_SEARCH_PATHS = (
					"$(SDKROOT)/Developer/Library/Frameworks",
					"$(inherited)",
				);
				INFOPLIST_FILE = "Cat YearsTests/Info.plist";
				LD_RUNPATH_SEARCH_PATHS = "$(inherited) @executable_path/Frameworks @loader_path/Frameworks";
				PRODUCT_NAME = "$(TARGET_NAME)";
				TEST_HOST = "$(BUILT_PRODUCTS_DIR)/Cat Years.app/Cat Years";
			};
			name = Release;
		};
/* End XCBuildConfiguration section */

/* Begin XCConfigurationList section */
		6683CDE11A62728D00FACE9A /* Build configuration list for PBXProject "Cat Years" */ = {
			isa = XCConfigurationList;
			buildConfigurations = (
				6683CE031A62728D00FACE9A /* Debug */,
				6683CE041A62728D00FACE9A /* Release */,
			);
			defaultConfigurationIsVisible = 0;
			defaultConfigurationName = Release;
		};
		6683CE051A62728D00FACE9A /* Build configuration list for PBXNativeTarget "Cat Years" */ = {
			isa = XCConfigurationList;
			buildConfigurations = (
				6683CE061A62728D00FACE9A /* Debug */,
				6683CE071A62728D00FACE9A /* Release */,
			);
			defaultConfigurationIsVisible = 0;
		};
		6683CE081A62728D00FACE9A /* Build configuration list for PBXNativeTarget "Cat YearsTests" */ = {
			isa = XCConfigurationList;
			buildConfigurations = (
				6683CE091A62728D00FACE9A /* Debug */,
				6683CE0A1A62728D00FACE9A /* Release */,
			);
			defaultConfigurationIsVisible = 0;
		};
/* End XCConfigurationList section */
	};
	rootObject = 6683CDDE1A62728D00FACE9A /* Project object */;
}
